
Microsoft Visual Studio Solution File, Format Version 12.00
# Visual Studio Version 17
VisualStudioVersion = 17.4.33213.308
MinimumVisualStudioVersion = 10.0.40219.1
Project("{FAE04EC0-301F-11D3-BF4B-00C04F79EFBC}") = "MTALUAC", "MTALUAC\MTALUAC.csproj", "{EFDA5FD5-0596-446E-AB2E-D2F9B046F65B}"
EndProject
Global
	GlobalSection(SolutionConfigurationPlatforms) = preSolution
		Debug|Any CPU = Debug|Any CPU
		Release|Any CPU = Release|Any CPU
	EndGlobalSection
	GlobalSection(ProjectConfigurationPlatforms) = postSolution
		{EFDA5FD5-0596-446E-AB2E-D2F9B046F65B}.Debug|Any CPU.ActiveCfg = Debug|Any CPU
		{EFDA5FD5-0596-446E-AB2E-D2F9B046F65B}.Debug|Any CPU.Build.0 = Debug|Any CPU
		{EFDA5FD5-0596-446E-AB2E-D2F9B046F65B}.Release|Any CPU.ActiveCfg = Release|Any CPU
		{EFDA5FD5-0596-446E-AB2E-D2F9B046F65B}.Release|Any CPU.Build.0 = Release|Any CPU
	EndGlobalSection
	GlobalSection(SolutionProperties) = preSolution
		HideSolutionNode = FALSE
	EndGlobalSection
	GlobalSection(ExtensibilityGlobals) = postSolution
		SolutionGuid = {E7548766-8E70-41A8-ADF5-A219F1F1F707}
	EndGlobalSection
EndGlobal
